
Microsoft Visual Studio Solution File, Format Version 12.00
# Visual Studio Version 16
VisualStudioVersion = 16.0.30621.155
MinimumVisualStudioVersion = 10.0.40219.1
Project("{FAE04EC0-301F-11D3-BF4B-00C04F79EFBC}") = "SOLID", "SOLID\SOLID.csproj", "{DF0D4906-31DF-489D-A63B-1B4BBAE0BAA2}"
EndProject
Global
	GlobalSection(SolutionConfigurationPlatforms) = preSolution
		Debug|Any CPU = Debug|Any CPU
		Release|Any CPU = Release|Any CPU
	EndGlobalSection
	GlobalSection(ProjectConfigurationPlatforms) = postSolution
		{DF0D4906-31DF-489D-A63B-1B4BBAE0BAA2}.Debug|Any CPU.ActiveCfg = Debug|Any CPU
		{DF0D4906-31DF-489D-A63B-1B4BBAE0BAA2}.Debug|Any CPU.Build.0 = Debug|Any CPU
		{DF0D4906-31DF-489D-A63B-1B4BBAE0BAA2}.Release|Any CPU.ActiveCfg = Release|Any CPU
		{DF0D4906-31DF-489D-A63B-1B4BBAE0BAA2}.Release|Any CPU.Build.0 = Release|Any CPU
	EndGlobalSection
	GlobalSection(SolutionProperties) = preSolution
		HideSolutionNode = FALSE
	EndGlobalSection
	GlobalSection(ExtensibilityGlobals) = postSolution
		SolutionGuid = {372387BA-4B04-4391-B727-77A0A9930A37}
	EndGlobalSection
EndGlobal
